{
    "_readme": [
        "This file locks the dependencies of your project to a known state",
        "Read more about it at https://getcomposer.org/doc/01-basic-usage.md#composer-lock-the-lock-file",
        "This file is @generated automatically"
    ],
    "content-hash": "34ce799ea5d0b7f92bd0d3b5ad6a2c8c",
    "packages": [
        {
            "name": "desandro/imagesloaded",
            "version": "v4.1.4",
            "source": {
                "type": "git",
                "url": "https://github.com/desandro/imagesloaded.git",
                "reference": "67c4e57453120935180c45c6820e7d3fbd2ea1f9"
            },
            "dist": {
                "type": "zip",
                "url": "https://api.github.com/repos/desandro/imagesloaded/zipball/67c4e57453120935180c45c6820e7d3fbd2ea1f9",
                "reference": "67c4e57453120935180c45c6820e7d3fbd2ea1f9",
                "shasum": ""
            },
            "type": "component",
            "notification-url": "https://packagist.org/downloads/",
            "license": [
                "MIT"
            ],
            "authors": [
                {
                    "name": "David DeSandro",
                    "homepage": "http://desandro.com/",
                    "role": "developer"
                }
            ],
            "description": "JavaScript is all like _You images done yet or what?_",
            "homepage": "http://imagesloaded.desandro.com",
            "keywords": [
                "dom",
                "images",
                "javascript",
                "jquery-plugin",
                "library",
                "loaded",
                "ui"
            ],
            "time": "2018-01-02T16:53:35+00:00"
        },
        {
            "name": "robinherbots/jquery.inputmask",
            "version": "5.0.6",
            "source": {
                "type": "git",
                "url": "https://github.com/RobinHerbots/Inputmask.git",
                "reference": "1c65530629ade3b5c8e90abec55278d8b76bf74c"
            },
            "dist": {
                "type": "zip",
                "url": "https://api.github.com/repos/RobinHerbots/Inputmask/zipball/1c65530629ade3b5c8e90abec55278d8b76bf74c",
                "reference": "1c65530629ade3b5c8e90abec55278d8b76bf74c",
                "shasum": ""
            },
            "type": "library",
            "notification-url": "https://packagist.org/downloads/",
            "license": [
                "MIT"
            ],
            "authors": [
                {
                    "name": "Robin Herbots"
                }
            ],
            "description": "Inputmask is a javascript library which creates an input mask.  Inputmask can run against vanilla javascript, jQuery and jqlite.",
            "homepage": "http://robinherbots.github.io/Inputmask",
            "keywords": [
                "form",
                "input",
                "inputmask",
                "jquery",
                "mask",
                "plugins"
            ],
            "time": "2021-06-01T12:06:45+00:00"
        },
        {
            "name": "semantic/ui",
            "version": "2.4.1",
            "source": {
                "type": "git",
                "url": "https://github.com/Semantic-Org/Semantic-UI.git",
                "reference": "a753d5b7841ab6adbe6d8a3b40086b452f0ba715"
            },
            "dist": {
                "type": "zip",
                "url": "https://api.github.com/repos/Semantic-Org/Semantic-UI/zipball/a753d5b7841ab6adbe6d8a3b40086b452f0ba715",
                "reference": "a753d5b7841ab6adbe6d8a3b40086b452f0ba715",
                "shasum": ""
            },
            "type": "library",
            "notification-url": "https://packagist.org/downloads/",
            "license": [
                "MIT"
            ],
            "authors": [
                {
                    "name": "Jack Lukic",
                    "email": "jacklukic@gmail.com",
                    "homepage": "http://www.jacklukic.com",
                    "role": "Creator"
                }
            ],
            "description": "Semantic empowers designers and developers by creating a shared vocabulary for UI.",
            "homepage": "http://www.semantic-ui.com",
            "keywords": [
                "css",
                "framework",
                "semantic",
                "ui"
            ],
            "time": "2018-10-13T22:51:35+00:00"
        }
    ],
    "packages-dev": [],
    "aliases": [],
    "minimum-stability": "stable",
    "stability-flags": [],
    "prefer-stable": false,
    "prefer-lowest": false,
    "platform": [],
    "platform-dev": []
}
