{
    "_readme": [
        "This file locks the dependencies of your project to a known state",
        "Read more about it at https://getcomposer.org/doc/01-basic-usage.md#installing-dependencies",
        "This file is @generated automatically"
    ],
    "content-hash": "08bf47c0df31b293cc1ba55914c651cf",
    "packages": [
        {
            "name": "robinherbots/jquery.inputmask",
            "version": "5.0.6",
            "source": {
                "type": "git",
                "url": "https://github.com/RobinHerbots/Inputmask.git",
                "reference": "1c65530629ade3b5c8e90abec55278d8b76bf74c"
            },
            "dist": {
                "type": "zip",
                "url": "https://api.github.com/repos/RobinHerbots/Inputmask/zipball/1c65530629ade3b5c8e90abec55278d8b76bf74c",
                "reference": "1c65530629ade3b5c8e90abec55278d8b76bf74c",
                "shasum": ""
            },
            "type": "library",
            "notification-url": "https://packagist.org/downloads/",
            "license": [
                "MIT"
            ],
            "authors": [
                {
                    "name": "Robin Herbots"
                }
            ],
            "description": "Inputmask is a javascript library which creates an input mask.  Inputmask can run against vanilla javascript, jQuery and jqlite.",
            "homepage": "http://robinherbots.github.io/Inputmask",
            "keywords": [
                "form",
                "input",
                "inputmask",
                "jquery",
                "mask",
                "plugins"
            ],
            "time": "2021-06-01T12:06:45+00:00"
        },
        {
            "name": "semantic/ui",
            "version": "2.4.1",
            "source": {
                "type": "git",
                "url": "https://github.com/Semantic-Org/Semantic-UI.git",
                "reference": "a753d5b7841ab6adbe6d8a3b40086b452f0ba715"
            },
            "dist": {
                "type": "zip",
                "url": "https://api.github.com/repos/Semantic-Org/Semantic-UI/zipball/a753d5b7841ab6adbe6d8a3b40086b452f0ba715",
                "reference": "a753d5b7841ab6adbe6d8a3b40086b452f0ba715",
                "shasum": ""
            },
            "type": "library",
            "notification-url": "https://packagist.org/downloads/",
            "license": [
                "MIT"
            ],
            "authors": [
                {
                    "name": "Jack Lukic",
                    "email": "jacklukic@gmail.com",
                    "homepage": "http://www.jacklukic.com",
                    "role": "Creator"
                }
            ],
            "description": "Semantic empowers designers and developers by creating a shared vocabulary for UI.",
            "homepage": "http://www.semantic-ui.com",
            "keywords": [
                "css",
                "framework",
                "semantic",
                "ui"
            ],
            "time": "2018-10-13T22:51:35+00:00"
        },
        {
            "name": "stuk/jszip",
            "version": "v3.0.1",
            "source": {
                "type": "git",
                "url": "https://github.com/kamihouse/jszip.git",
                "reference": "9a0f7c2fdb11ac3089e0a73dcf59f32fe1dae439"
            },
            "dist": {
                "type": "zip",
                "url": "https://api.github.com/repos/kamihouse/jszip/zipball/9a0f7c2fdb11ac3089e0a73dcf59f32fe1dae439",
                "reference": "9a0f7c2fdb11ac3089e0a73dcf59f32fe1dae439",
                "shasum": ""
            },
            "type": "library",
            "notification-url": "https://packagist.org/downloads/",
            "license": [
                "MIT"
            ],
            "authors": [
                {
                    "name": "Thiago Pereira Rosa",
                    "email": "thiagor@engineer.com",
                    "homepage": "http://coderi.com.br",
                    "role": "Contributor"
                },
                {
                    "name": "Stuart Knightley",
                    "email": "stuart@Stuartk.com",
                    "homepage": "http://stuartk.com/",
                    "role": "Developer"
                }
            ],
            "description": "Create, read and edit .zip files with Javascript",
            "homepage": "https://github.com/Stuk/jszip",
            "keywords": [
                "create",
                "edit",
                "jszip",
                "pdf"
            ],
            "support": {
                "issues": "https://github.com/Stuk/jszip/issues",
                "source": "https://github.com/kamihouse/jszip/tree/v3.0.1"
            },
            "time": "2016-05-04T13:00:35+00:00"
        }
    ],
    "packages-dev": [],
    "aliases": [],
    "minimum-stability": "stable",
    "stability-flags": [],
    "prefer-stable": false,
    "prefer-lowest": false,
    "platform": [],
    "platform-dev": [],
    "plugin-api-version": "2.2.0"
}
